// !$*UTF8*$!
{
	archiveVersion = 1;
	classes = {
	};
	objectVersion = 46;
	objects = {

/* Begin PBXBuildFile section */
		FE2B175C1CE48DB7003D38A3 /* main.m in Sources */ = {isa = PBXBuildFile; fileRef = FE2B175B1CE48DB7003D38A3 /* main.m */; };
		FE2B175F1CE48DB7003D38A3 /* AppDelegate.m in Sources */ = {isa = PBXBuildFile; fileRef = FE2B175E1CE48DB7003D38A3 /* AppDelegate.m */; };
		FE2B17651CE48DB7003D38A3 /* Main.storyboard in Resources */ = {isa = PBXBuildFile; fileRef = FE2B17631CE48DB7003D38A3 /* Main.storyboard */; };
		FE2B17671CE48DB7003D38A3 /* Assets.xcassets in Resources */ = {isa = PBXBuildFile; fileRef = FE2B17661CE48DB7003D38A3 /* Assets.xcassets */; };
		FE2B176A1CE48DB7003D38A3 /* LaunchScreen.storyboard in Resources */ = {isa = PBXBuildFile; fileRef = FE2B17681CE48DB7003D38A3 /* LaunchScreen.storyboard */; };
		FE2B17751CE48DB8003D38A3 /* _512homeworkTests.m in Sources */ = {isa = PBXBuildFile; fileRef = FE2B17741CE48DB8003D38A3 /* _512homeworkTests.m */; };
		FE2B17801CE48DB8003D38A3 /* _512homeworkUITests.m in Sources */ = {isa = PBXBuildFile; fileRef = FE2B177F1CE48DB8003D38A3 /* _512homeworkUITests.m */; };
		FE2B178E1CE48DD8003D38A3 /* Settings.bundle in Resources */ = {isa = PBXBuildFile; fileRef = FE2B178D1CE48DD8003D38A3 /* Settings.bundle */; };
		FE2B17911CE49215003D38A3 /* TableViewController.m in Sources */ = {isa = PBXBuildFile; fileRef = FE2B17901CE49215003D38A3 /* TableViewController.m */; };
/* End PBXBuildFile section */

/* Begin PBXContainerItemProxy section */
		FE2B17711CE48DB8003D38A3 /* PBXContainerItemProxy */ = {
			isa = PBXContainerItemProxy;
			containerPortal = FE2B174F1CE48DB7003D38A3 /* Project object */;
			proxyType = 1;
			remoteGlobalIDString = FE2B17561CE48DB7003D38A3;
			remoteInfo = 0512homework;
		};
		FE2B177C1CE48DB8003D38A3 /* PBXContainerItemProxy */ = {
			isa = PBXContainerItemProxy;
			containerPortal = FE2B174F1CE48DB7003D38A3 /* Project object */;
			proxyType = 1;
			remoteGlobalIDString = FE2B17561CE48DB7003D38A3;
			remoteInfo = 0512homework;
		};
/* End PBXContainerItemProxy section */

/* Begin PBXFileReference section */
		FE2B17571CE48DB7003D38A3 /* 0512homework.app */ = {isa = PBXFileReference; explicitFileType = wrapper.application; includeInIndex = 0; path = 0512homework.app; sourceTree = BUILT_PRODUCTS_DIR; };
		FE2B175B1CE48DB7003D38A3 /* main.m */ = {isa = PBXFileReference; lastKnownFileType = sourcecode.c.objc; path = main.m; sourceTree = "<group>"; };
		FE2B175D1CE48DB7003D38A3 /* AppDelegate.h */ = {isa = PBXFileReference; lastKnownFileType = sourcecode.c.h; path = AppDelegate.h; sourceTree = "<group>"; };
		FE2B175E1CE48DB7003D38A3 /* AppDelegate.m */ = {isa = PBXFileReference; lastKnownFileType = sourcecode.c.objc; path = AppDelegate.m; sourceTree = "<group>"; };
		FE2B17641CE48DB7003D38A3 /* Base */ = {isa = PBXFileReference; lastKnownFileType = file.storyboard; name = Base; path = Base.lproj/Main.storyboard; sourceTree = "<group>"; };
		FE2B17661CE48DB7003D38A3 /* Assets.xcassets */ = {isa = PBXFileReference; lastKnownFileType = folder.assetcatalog; path = Assets.xcassets; sourceTree = "<group>"; };
		FE2B17691CE48DB7003D38A3 /* Base */ = {isa = PBXFileReference; lastKnownFileType = file.storyboard; name = Base; path = Base.lproj/LaunchScreen.storyboard; sourceTree = "<group>"; };
		FE2B176B1CE48DB7003D38A3 /* Info.plist */ = {isa = PBXFileReference; lastKnownFileType = text.plist.xml; path = Info.plist; sourceTree = "<group>"; };
		FE2B17701CE48DB8003D38A3 /* 0512homeworkTests.xctest */ = {isa = PBXFileReference; explicitFileType = wrapper.cfbundle; includeInIndex = 0; path = 0512homeworkTests.xctest; sourceTree = BUILT_PRODUCTS_DIR; };
		FE2B17741CE48DB8003D38A3 /* _512homeworkTests.m */ = {isa = PBXFileReference; lastKnownFileType = sourcecode.c.objc; path = _512homeworkTests.m; sourceTree = "<group>"; };
		FE2B17761CE48DB8003D38A3 /* Info.plist */ = {isa = PBXFileReference; lastKnownFileType = text.plist.xml; path = Info.plist; sourceTree = "<group>"; };
		FE2B177B1CE48DB8003D38A3 /* 0512homeworkUITests.xctest */ = {isa = PBXFileReference; explicitFileType = wrapper.cfbundle; includeInIndex = 0; path = 0512homeworkUITests.xctest; sourceTree = BUILT_PRODUCTS_DIR; };
		FE2B177F1CE48DB8003D38A3 /* _512homeworkUITests.m */ = {isa = PBXFileReference; lastKnownFileType = sourcecode.c.objc; path = _512homeworkUITests.m; sourceTree = "<group>"; };
		FE2B17811CE48DB8003D38A3 /* Info.plist */ = {isa = PBXFileReference; lastKnownFileType = text.plist.xml; path = Info.plist; sourceTree = "<group>"; };
		FE2B178D1CE48DD8003D38A3 /* Settings.bundle */ = {isa = PBXFileReference; lastKnownFileType = "wrapper.plug-in"; path = Settings.bundle; sourceTree = "<group>"; };
		FE2B178F1CE49215003D38A3 /* TableViewController.h */ = {isa = PBXFileReference; fileEncoding = 4; lastKnownFileType = sourcecode.c.h; name = TableViewController.h; path = ../TableViewController.h; sourceTree = "<group>"; };
		FE2B17901CE49215003D38A3 /* TableViewController.m */ = {isa = PBXFileReference; fileEncoding = 4; lastKnownFileType = sourcecode.c.objc; name = TableViewController.m; path = ../TableViewController.m; sourceTree = "<group>"; };
/* End PBXFileReference section */

/* Begin PBXFrameworksBuildPhase section */
		FE2B17541CE48DB7003D38A3 /* Frameworks */ = {
			isa = PBXFrameworksBuildPhase;
			buildActionMask = 2147483647;
			files = (
			);
			runOnlyForDeploymentPostprocessing = 0;
		};
		FE2B176D1CE48DB8003D38A3 /* Frameworks */ = {
			isa = PBXFrameworksBuildPhase;
			buildActionMask = 2147483647;
			files = (
			);
			runOnlyForDeploymentPostprocessing = 0;
		};
		FE2B17781CE48DB8003D38A3 /* Frameworks */ = {
			isa = PBXFrameworksBuildPhase;
			buildActionMask = 2147483647;
			files = (
			);
			runOnlyForDeploymentPostprocessing = 0;
		};
/* End PBXFrameworksBuildPhase section */

/* Begin PBXGroup section */
		FE2B174E1CE48DB7003D38A3 = {
			isa = PBXGroup;
			children = (
				FE2B17591CE48DB7003D38A3 /* 0512homework */,
				FE2B17731CE48DB8003D38A3 /* 0512homeworkTests */,
				FE2B177E1CE48DB8003D38A3 /* 0512homeworkUITests */,
				FE2B17581CE48DB7003D38A3 /* Products */,
			);
			sourceTree = "<group>";
		};
		FE2B17581CE48DB7003D38A3 /* Products */ = {
			isa = PBXGroup;
			children = (
				FE2B17571CE48DB7003D38A3 /* 0512homework.app */,
				FE2B17701CE48DB8003D38A3 /* 0512homeworkTests.xctest */,
				FE2B177B1CE48DB8003D38A3 /* 0512homeworkUITests.xctest */,
			);
			name = Products;
			sourceTree = "<group>";
		};
		FE2B17591CE48DB7003D38A3 /* 0512homework */ = {
			isa = PBXGroup;
			children = (
				FE2B178D1CE48DD8003D38A3 /* Settings.bundle */,
				FE2B175D1CE48DB7003D38A3 /* AppDelegate.h */,
				FE2B175E1CE48DB7003D38A3 /* AppDelegate.m */,
				FE2B178F1CE49215003D38A3 /* TableViewController.h */,
				FE2B17901CE49215003D38A3 /* TableViewController.m */,
				FE2B17631CE48DB7003D38A3 /* Main.storyboard */,
				FE2B17661CE48DB7003D38A3 /* Assets.xcassets */,
				FE2B17681CE48DB7003D38A3 /* LaunchScreen.storyboard */,
				FE2B176B1CE48DB7003D38A3 /* Info.plist */,
				FE2B175A1CE48DB7003D38A3 /* Supporting Files */,
			);
			path = 0512homework;
			sourceTree = "<group>";
		};
		FE2B175A1CE48DB7003D38A3 /* Supporting Files */ = {
			isa = PBXGroup;
			children = (
				FE2B175B1CE48DB7003D38A3 /* main.m */,
			);
			name = "Supporting Files";
			sourceTree = "<group>";
		};
		FE2B17731CE48DB8003D38A3 /* 0512homeworkTests */ = {
			isa = PBXGroup;
			children = (
				FE2B17741CE48DB8003D38A3 /* _512homeworkTests.m */,
				FE2B17761CE48DB8003D38A3 /* Info.plist */,
			);
			path = 0512homeworkTests;
			sourceTree = "<group>";
		};
		FE2B177E1CE48DB8003D38A3 /* 0512homeworkUITests */ = {
			isa = PBXGroup;
			children = (
				FE2B177F1CE48DB8003D38A3 /* _512homeworkUITests.m */,
				FE2B17811CE48DB8003D38A3 /* Info.plist */,
			);
			path = 0512homeworkUITests;
			sourceTree = "<group>";
		};
/* End PBXGroup section */

/* Begin PBXNativeTarget section */
		FE2B17561CE48DB7003D38A3 /* 0512homework */ = {
			isa = PBXNativeTarget;
			buildConfigurationList = FE2B17841CE48DB8003D38A3 /* Build configuration list for PBXNativeTarget "0512homework" */;
			buildPhases = (
				FE2B17531CE48DB7003D38A3 /* Sources */,
				FE2B17541CE48DB7003D38A3 /* Frameworks */,
				FE2B17551CE48DB7003D38A3 /* Resources */,
			);
			buildRules = (
			);
			dependencies = (
			);
			name = 0512homework;
			productName = 0512homework;
			productReference = FE2B17571CE48DB7003D38A3 /* 0512homework.app */;
			productType = "com.apple.product-type.application";
		};
		FE2B176F1CE48DB8003D38A3 /* 0512homeworkTests */ = {
			isa = PBXNativeTarget;
			buildConfigurationList = FE2B17871CE48DB8003D38A3 /* Build configuration list for PBXNativeTarget "0512homeworkTests" */;
			buildPhases = (
				FE2B176C1CE48DB8003D38A3 /* Sources */,
				FE2B176D1CE48DB8003D38A3 /* Frameworks */,
				FE2B176E1CE48DB8003D38A3 /* Resources */,
			);
			buildRules = (
			);
			dependencies = (
				FE2B17721CE48DB8003D38A3 /* PBXTargetDependency */,
			);
			name = 0512homeworkTests;
			productName = 0512homeworkTests;
			productReference = FE2B17701CE48DB8003D38A3 /* 0512homeworkTests.xctest */;
			productType = "com.apple.product-type.bundle.unit-test";
		};
		FE2B177A1CE48DB8003D38A3 /* 0512homeworkUITests */ = {
			isa = PBXNativeTarget;
			buildConfigurationList = FE2B178A1CE48DB8003D38A3 /* Build configuration list for PBXNativeTarget "0512homeworkUITests" */;
			buildPhases = (
				FE2B17771CE48DB8003D38A3 /* Sources */,
				FE2B17781CE48DB8003D38A3 /* Frameworks */,
				FE2B17791CE48DB8003D38A3 /* Resources */,
			);
			buildRules = (
			);
			dependencies = (
				FE2B177D1CE48DB8003D38A3 /* PBXTargetDependency */,
			);
			name = 0512homeworkUITests;
			productName = 0512homeworkUITests;
			productReference = FE2B177B1CE48DB8003D38A3 /* 0512homeworkUITests.xctest */;
			productType = "com.apple.product-type.bundle.ui-testing";
		};
/* End PBXNativeTarget section */

/* Begin PBXProject section */
		FE2B174F1CE48DB7003D38A3 /* Project object */ = {
			isa = PBXProject;
			attributes = {
				LastUpgradeCheck = 0730;
				ORGANIZATIONNAME = "李康";
				TargetAttributes = {
					FE2B17561CE48DB7003D38A3 = {
						CreatedOnToolsVersion = 7.3.1;
						DevelopmentTeam = H9JT9M96MA;
					};
					FE2B176F1CE48DB8003D38A3 = {
						CreatedOnToolsVersion = 7.3.1;
						DevelopmentTeam = H9JT9M96MA;
						TestTargetID = FE2B17561CE48DB7003D38A3;
					};
					FE2B177A1CE48DB8003D38A3 = {
						CreatedOnToolsVersion = 7.3.1;
						DevelopmentTeam = H9JT9M96MA;
						TestTargetID = FE2B17561CE48DB7003D38A3;
					};
				};
			};
			buildConfigurationList = FE2B17521CE48DB7003D38A3 /* Build configuration list for PBXProject "0512homework" */;
			compatibilityVersion = "Xcode 3.2";
			developmentRegion = English;
			hasScannedForEncodings = 0;
			knownRegions = (
				en,
				Base,
			);
			mainGroup = FE2B174E1CE48DB7003D38A3;
			productRefGroup = FE2B17581CE48DB7003D38A3 /* Products */;
			projectDirPath = "";
			projectRoot = "";
			targets = (
				FE2B17561CE48DB7003D38A3 /* 0512homework */,
				FE2B176F1CE48DB8003D38A3 /* 0512homeworkTests */,
				FE2B177A1CE48DB8003D38A3 /* 0512homeworkUITests */,
			);
		};
/* End PBXProject section */

/* Begin PBXResourcesBuildPhase section */
		FE2B17551CE48DB7003D38A3 /* Resources */ = {
			isa = PBXResourcesBuildPhase;
			buildActionMask = 2147483647;
			files = (
				FE2B178E1CE48DD8003D38A3 /* Settings.bundle in Resources */,
				FE2B176A1CE48DB7003D38A3 /* LaunchScreen.storyboard in Resources */,
				FE2B17671CE48DB7003D38A3 /* Assets.xcassets in Resources */,
				FE2B17651CE48DB7003D38A3 /* Main.storyboard in Resources */,
			);
			runOnlyForDeploymentPostprocessing = 0;
		};
		FE2B176E1CE48DB8003D38A3 /* Resources */ = {
			isa = PBXResourcesBuildPhase;
			buildActionMask = 2147483647;
			files = (
			);
			runOnlyForDeploymentPostprocessing = 0;
		};
		FE2B17791CE48DB8003D38A3 /* Resources */ = {
			isa = PBXResourcesBuildPhase;
			buildActionMask = 2147483647;
			files = (
			);
			runOnlyForDeploymentPostprocessing = 0;
		};
/* End PBXResourcesBuildPhase section */

/* Begin PBXSourcesBuildPhase section */
		FE2B17531CE48DB7003D38A3 /* Sources */ = {
			isa = PBXSourcesBuildPhase;
			buildActionMask = 2147483647;
			files = (
				FE2B175F1CE48DB7003D38A3 /* AppDelegate.m in Sources */,
				FE2B17911CE49215003D38A3 /* TableViewController.m in Sources */,
				FE2B175C1CE48DB7003D38A3 /* main.m in Sources */,
			);
			runOnlyForDeploymentPostprocessing = 0;
		};
		FE2B176C1CE48DB8003D38A3 /* Sources */ = {
			isa = PBXSourcesBuildPhase;
			buildActionMask = 2147483647;
			files = (
				FE2B17751CE48DB8003D38A3 /* _512homeworkTests.m in Sources */,
			);
			runOnlyForDeploymentPostprocessing = 0;
		};
		FE2B17771CE48DB8003D38A3 /* Sources */ = {
			isa = PBXSourcesBuildPhase;
			buildActionMask = 2147483647;
			files = (
				FE2B17801CE48DB8003D38A3 /* _512homeworkUITests.m in Sources */,
			);
			runOnlyForDeploymentPostprocessing = 0;
		};
/* End PBXSourcesBuildPhase section */

/* Begin PBXTargetDependency section */
		FE2B17721CE48DB8003D38A3 /* PBXTargetDependency */ = {
			isa = PBXTargetDependency;
			target = FE2B17561CE48DB7003D38A3 /* 0512homework */;
			targetProxy = FE2B17711CE48DB8003D38A3 /* PBXContainerItemProxy */;
		};
		FE2B177D1CE48DB8003D38A3 /* PBXTargetDependency */ = {
			isa = PBXTargetDependency;
			target = FE2B17561CE48DB7003D38A3 /* 0512homework */;
			targetProxy = FE2B177C1CE48DB8003D38A3 /* PBXContainerItemProxy */;
		};
/* End PBXTargetDependency section */

/* Begin PBXVariantGroup section */
		FE2B17631CE48DB7003D38A3 /* Main.storyboard */ = {
			isa = PBXVariantGroup;
			children = (
				FE2B17641CE48DB7003D38A3 /* Base */,
			);
			name = Main.storyboard;
			sourceTree = "<group>";
		};
		FE2B17681CE48DB7003D38A3 /* LaunchScreen.storyboard */ = {
			isa = PBXVariantGroup;
			children = (
				FE2B17691CE48DB7003D38A3 /* Base */,
			);
			name = LaunchScreen.storyboard;
			sourceTree = "<group>";
		};
/* End PBXVariantGroup section */

/* Begin XCBuildConfiguration section */
		FE2B17821CE48DB8003D38A3 /* Debug */ = {
			isa = XCBuildConfiguration;
			buildSettings = {
				ALWAYS_SEARCH_USER_PATHS = NO;
				CLANG_ANALYZER_NONNULL = YES;
				CLANG_CXX_LANGUAGE_STANDARD = "gnu++0x";
				CLANG_CXX_LIBRARY = "libc++";
				CLANG_ENABLE_MODULES = YES;
				CLANG_ENABLE_OBJC_ARC = YES;
				CLANG_WARN_BOOL_CONVERSION = YES;
				CLANG_WARN_CONSTANT_CONVERSION = YES;
				CLANG_WARN_DIRECT_OBJC_ISA_USAGE = YES_ERROR;
				CLANG_WARN_EMPTY_BODY = YES;
				CLANG_WARN_ENUM_CONVERSION = YES;
				CLANG_WARN_INT_CONVERSION = YES;
				CLANG_WARN_OBJC_ROOT_CLASS = YES_ERROR;
				CLANG_WARN_UNREACHABLE_CODE = YES;
				CLANG_WARN__DUPLICATE_METHOD_MATCH = YES;
				"CODE_SIGN_IDENTITY[sdk=iphoneos*]" = "iPhone Developer";
				COPY_PHASE_STRIP = NO;
				DEBUG_INFORMATION_FORMAT = dwarf;
				ENABLE_STRICT_OBJC_MSGSEND = YES;
				ENABLE_TESTABILITY = YES;
				GCC_C_LANGUAGE_STANDARD = gnu99;
				GCC_DYNAMIC_NO_PIC = NO;
				GCC_NO_COMMON_BLOCKS = YES;
				GCC_OPTIMIZATION_LEVEL = 0;
				GCC_PREPROCESSOR_DEFINITIONS = (
					"DEBUG=1",
					"$(inherited)",
				);
				GCC_WARN_64_TO_32_BIT_CONVERSION = YES;
				GCC_WARN_ABOUT_RETURN_TYPE = YES_ERROR;
				GCC_WARN_UNDECLARED_SELECTOR = YES;
				GCC_WARN_UNINITIALIZED_AUTOS = YES_AGGRESSIVE;
				GCC_WARN_UNUSED_FUNCTION = YES;
				GCC_WARN_UNUSED_VARIABLE = YES;
				IPHONEOS_DEPLOYMENT_TARGET = 9.3;
				MTL_ENABLE_DEBUG_INFO = YES;
				ONLY_ACTIVE_ARCH = YES;
				SDKROOT = iphoneos;
			};
			name = Debug;
		};
		FE2B17831CE48DB8003D38A3 /* Release */ = {
			isa = XCBuildConfiguration;
			buildSettings = {
				ALWAYS_SEARCH_USER_PATHS = NO;
				CLANG_ANALYZER_NONNULL = YES;
				CLANG_CXX_LANGUAGE_STANDARD = "gnu++0x";
				CLANG_CXX_LIBRARY = "libc++";
				CLANG_ENABLE_MODULES = YES;
				CLANG_ENABLE_OBJC_ARC = YES;
				CLANG_WARN_BOOL_CONVERSION = YES;
				CLANG_WARN_CONSTANT_CONVERSION = YES;
				CLANG_WARN_DIRECT_OBJC_ISA_USAGE = YES_ERROR;
				CLANG_WARN_EMPTY_BODY = YES;
				CLANG_WARN_ENUM_CONVERSION = YES;
				CLANG_WARN_INT_CONVERSION = YES;
				CLANG_WARN_OBJC_ROOT_CLASS = YES_ERROR;
				CLANG_WARN_UNREACHABLE_CODE = YES;
				CLANG_WARN__DUPLICATE_METHOD_MATCH = YES;
				"CODE_SIGN_IDENTITY[sdk=iphoneos*]" = "iPhone Developer";
				COPY_PHASE_STRIP = NO;
				DEBUG_INFORMATION_FORMAT = "dwarf-with-dsym";
				ENABLE_NS_ASSERTIONS = NO;
				ENABLE_STRICT_OBJC_MSGSEND = YES;
				GCC_C_LANGUAGE_STANDARD = gnu99;
				GCC_NO_COMMON_BLOCKS = YES;
				GCC_WARN_64_TO_32_BIT_CONVERSION = YES;
				GCC_WARN_ABOUT_RETURN_TYPE = YES_ERROR;
				GCC_WARN_UNDECLARED_SELECTOR = YES;
				GCC_WARN_UNINITIALIZED_AUTOS = YES_AGGRESSIVE;
				GCC_WARN_UNUSED_FUNCTION = YES;
				GCC_WARN_UNUSED_VARIABLE = YES;
				IPHONEOS_DEPLOYMENT_TARGET = 9.3;
				MTL_ENABLE_DEBUG_INFO = NO;
				SDKROOT = iphoneos;
				VALIDATE_PRODUCT = YES;
			};
			name = Release;
		};
		FE2B17851CE48DB8003D38A3 /* Debug */ = {
			isa = XCBuildConfiguration;
			buildSettings = {
				ASSETCATALOG_COMPILER_APPICON_NAME = AppIcon;
				INFOPLIST_FILE = 0512homework/Info.plist;
				LD_RUNPATH_SEARCH_PATHS = "$(inherited) @executable_path/Frameworks";
				PRODUCT_BUNDLE_IDENTIFIER = "c.-512homework";
				PRODUCT_NAME = "$(TARGET_NAME)";
			};
			name = Debug;
		};
		FE2B17861CE48DB8003D38A3 /* Release */ = {
			isa = XCBuildConfiguration;
			buildSettings = {
				ASSETCATALOG_COMPILER_APPICON_NAME = AppIcon;
				INFOPLIST_FILE = 0512homework/Info.plist;
				LD_RUNPATH_SEARCH_PATHS = "$(inherited) @executable_path/Frameworks";
				PRODUCT_BUNDLE_IDENTIFIER = "c.-512homework";
				PRODUCT_NAME = "$(TARGET_NAME)";
			};
			name = Release;
		};
		FE2B17881CE48DB8003D38A3 /* Debug */ = {
			isa = XCBuildConfiguration;
			buildSettings = {
				BUNDLE_LOADER = "$(TEST_HOST)";
				INFOPLIST_FILE = 0512homeworkTests/Info.plist;
				LD_RUNPATH_SEARCH_PATHS = "$(inherited) @executable_path/Frameworks @loader_path/Frameworks";
				PRODUCT_BUNDLE_IDENTIFIER = "c.-512homeworkTests";
				PRODUCT_NAME = "$(TARGET_NAME)";
				TEST_HOST = "$(BUILT_PRODUCTS_DIR)/0512homework.app/0512homework";
			};
			name = Debug;
		};
		FE2B17891CE48DB8003D38A3 /* Release */ = {
			isa = XCBuildConfiguration;
			buildSettings = {
				BUNDLE_LOADER = "$(TEST_HOST)";
				INFOPLIST_FILE = 0512homeworkTests/Info.plist;
				LD_RUNPATH_SEARCH_PATHS = "$(inherited) @executable_path/Frameworks @loader_path/Frameworks";
				PRODUCT_BUNDLE_IDENTIFIER = "c.-512homeworkTests";
				PRODUCT_NAME = "$(TARGET_NAME)";
				TEST_HOST = "$(BUILT_PRODUCTS_DIR)/0512homework.app/0512homework";
			};
			name = Release;
		};
		FE2B178B1CE48DB8003D38A3 /* Debug */ = {
			isa = XCBuildConfiguration;
			buildSettings = {
				INFOPLIST_FILE = 0512homeworkUITests/Info.plist;
				LD_RUNPATH_SEARCH_PATHS = "$(inherited) @executable_path/Frameworks @loader_path/Frameworks";
				PRODUCT_BUNDLE_IDENTIFIER = "c.-512homeworkUITests";
				PRODUCT_NAME = "$(TARGET_NAME)";
				TEST_TARGET_NAME = 0512homework;
			};
			name = Debug;
		};
		FE2B178C1CE48DB8003D38A3 /* Release */ = {
			isa = XCBuildConfiguration;
			buildSettings = {
				INFOPLIST_FILE = 0512homeworkUITests/Info.plist;
				LD_RUNPATH_SEARCH_PATHS = "$(inherited) @executable_path/Frameworks @loader_path/Frameworks";
				PRODUCT_BUNDLE_IDENTIFIER = "c.-512homeworkUITests";
				PRODUCT_NAME = "$(TARGET_NAME)";
				TEST_TARGET_NAME = 0512homework;
			};
			name = Release;
		};
/* End XCBuildConfiguration section */

/* Begin XCConfigurationList section */
		FE2B17521CE48DB7003D38A3 /* Build configuration list for PBXProject "0512homework" */ = {
			isa = XCConfigurationList;
			buildConfigurations = (
				FE2B17821CE48DB8003D38A3 /* Debug */,
				FE2B17831CE48DB8003D38A3 /* Release */,
			);
			defaultConfigurationIsVisible = 0;
			defaultConfigurationName = Release;
		};
		FE2B17841CE48DB8003D38A3 /* Build configuration list for PBXNativeTarget "0512homework" */ = {
			isa = XCConfigurationList;
			buildConfigurations = (
				FE2B17851CE48DB8003D38A3 /* Debug */,
				FE2B17861CE48DB8003D38A3 /* Release */,
			);
			defaultConfigurationIsVisible = 0;
		};
		FE2B17871CE48DB8003D38A3 /* Build configuration list for PBXNativeTarget "0512homeworkTests" */ = {
			isa = XCConfigurationList;
			buildConfigurations = (
				FE2B17881CE48DB8003D38A3 /* Debug */,
				FE2B17891CE48DB8003D38A3 /* Release */,
			);
			defaultConfigurationIsVisible = 0;
		};
		FE2B178A1CE48DB8003D38A3 /* Build configuration list for PBXNativeTarget "0512homeworkUITests" */ = {
			isa = XCConfigurationList;
			buildConfigurations = (
				FE2B178B1CE48DB8003D38A3 /* Debug */,
				FE2B178C1CE48DB8003D38A3 /* Release */,
			);
			defaultConfigurationIsVisible = 0;
		};
/* End XCConfigurationList section */
	};
	rootObject = FE2B174F1CE48DB7003D38A3 /* Project object */;
}
