// !$*UTF8*$!
{
	archiveVersion = 1;
	classes = {
	};
	objectVersion = 46;
	objects = {

/* Begin PBXBuildFile section */
		8597C55E1CA4875900695515 /* main.m in Sources */ = {isa = PBXBuildFile; fileRef = 8597C55D1CA4875900695515 /* main.m */; };
		8597C5661CA48B9000695515 /* Instrument.m in Sources */ = {isa = PBXBuildFile; fileRef = 8597C5651CA48B9000695515 /* Instrument.m */; };
		8597C5691CA48BAA00695515 /* Violin.m in Sources */ = {isa = PBXBuildFile; fileRef = 8597C5681CA48BAA00695515 /* Violin.m */; };
		8597C56C1CA48BBB00695515 /* Piano.m in Sources */ = {isa = PBXBuildFile; fileRef = 8597C56B1CA48BBB00695515 /* Piano.m */; };
		8597C56F1CA48BE800695515 /* Musician.m in Sources */ = {isa = PBXBuildFile; fileRef = 8597C56E1CA48BE800695515 /* Musician.m */; };
		8597C5721CA48C0D00695515 /* Shopping.m in Sources */ = {isa = PBXBuildFile; fileRef = 8597C5711CA48C0D00695515 /* Shopping.m */; };
/* End PBXBuildFile section */

/* Begin PBXCopyFilesBuildPhase section */
		8597C5581CA4875900695515 /* CopyFiles */ = {
			isa = PBXCopyFilesBuildPhase;
			buildActionMask = 2147483647;
			dstPath = /usr/share/man/man1/;
			dstSubfolderSpec = 0;
			files = (
			);
			runOnlyForDeploymentPostprocessing = 1;
		};
/* End PBXCopyFilesBuildPhase section */

/* Begin PBXFileReference section */
		8597C55A1CA4875900695515 /* 0324作业 */ = {isa = PBXFileReference; explicitFileType = "compiled.mach-o.executable"; includeInIndex = 0; path = "0324作业"; sourceTree = BUILT_PRODUCTS_DIR; };
		8597C55D1CA4875900695515 /* main.m */ = {isa = PBXFileReference; lastKnownFileType = sourcecode.c.objc; path = main.m; sourceTree = "<group>"; };
		8597C5641CA48B9000695515 /* Instrument.h */ = {isa = PBXFileReference; fileEncoding = 4; lastKnownFileType = sourcecode.c.h; path = Instrument.h; sourceTree = "<group>"; };
		8597C5651CA48B9000695515 /* Instrument.m */ = {isa = PBXFileReference; fileEncoding = 4; lastKnownFileType = sourcecode.c.objc; path = Instrument.m; sourceTree = "<group>"; };
		8597C5671CA48BAA00695515 /* Violin.h */ = {isa = PBXFileReference; fileEncoding = 4; lastKnownFileType = sourcecode.c.h; path = Violin.h; sourceTree = "<group>"; };
		8597C5681CA48BAA00695515 /* Violin.m */ = {isa = PBXFileReference; fileEncoding = 4; lastKnownFileType = sourcecode.c.objc; path = Violin.m; sourceTree = "<group>"; };
		8597C56A1CA48BBB00695515 /* Piano.h */ = {isa = PBXFileReference; fileEncoding = 4; lastKnownFileType = sourcecode.c.h; path = Piano.h; sourceTree = "<group>"; };
		8597C56B1CA48BBB00695515 /* Piano.m */ = {isa = PBXFileReference; fileEncoding = 4; lastKnownFileType = sourcecode.c.objc; path = Piano.m; sourceTree = "<group>"; };
		8597C56D1CA48BE800695515 /* Musician.h */ = {isa = PBXFileReference; fileEncoding = 4; lastKnownFileType = sourcecode.c.h; path = Musician.h; sourceTree = "<group>"; };
		8597C56E1CA48BE800695515 /* Musician.m */ = {isa = PBXFileReference; fileEncoding = 4; lastKnownFileType = sourcecode.c.objc; path = Musician.m; sourceTree = "<group>"; };
		8597C5701CA48C0D00695515 /* Shopping.h */ = {isa = PBXFileReference; fileEncoding = 4; lastKnownFileType = sourcecode.c.h; path = Shopping.h; sourceTree = "<group>"; };
		8597C5711CA48C0D00695515 /* Shopping.m */ = {isa = PBXFileReference; fileEncoding = 4; lastKnownFileType = sourcecode.c.objc; path = Shopping.m; sourceTree = "<group>"; };
/* End PBXFileReference section */

/* Begin PBXFrameworksBuildPhase section */
		8597C5571CA4875900695515 /* Frameworks */ = {
			isa = PBXFrameworksBuildPhase;
			buildActionMask = 2147483647;
			files = (
			);
			runOnlyForDeploymentPostprocessing = 0;
		};
/* End PBXFrameworksBuildPhase section */

/* Begin PBXGroup section */
		8597C5511CA4875900695515 = {
			isa = PBXGroup;
			children = (
				8597C5701CA48C0D00695515 /* Shopping.h */,
				8597C5711CA48C0D00695515 /* Shopping.m */,
				8597C56D1CA48BE800695515 /* Musician.h */,
				8597C56E1CA48BE800695515 /* Musician.m */,
				8597C56A1CA48BBB00695515 /* Piano.h */,
				8597C56B1CA48BBB00695515 /* Piano.m */,
				8597C5671CA48BAA00695515 /* Violin.h */,
				8597C5681CA48BAA00695515 /* Violin.m */,
				8597C5641CA48B9000695515 /* Instrument.h */,
				8597C5651CA48B9000695515 /* Instrument.m */,
				8597C55C1CA4875900695515 /* 0324作业 */,
				8597C55B1CA4875900695515 /* Products */,
			);
			sourceTree = "<group>";
		};
		8597C55B1CA4875900695515 /* Products */ = {
			isa = PBXGroup;
			children = (
				8597C55A1CA4875900695515 /* 0324作业 */,
			);
			name = Products;
			sourceTree = "<group>";
		};
		8597C55C1CA4875900695515 /* 0324作业 */ = {
			isa = PBXGroup;
			children = (
				8597C55D1CA4875900695515 /* main.m */,
			);
			path = "0324作业";
			sourceTree = "<group>";
		};
/* End PBXGroup section */

/* Begin PBXNativeTarget section */
		8597C5591CA4875900695515 /* 0324作业 */ = {
			isa = PBXNativeTarget;
			buildConfigurationList = 8597C5611CA4875900695515 /* Build configuration list for PBXNativeTarget "0324作业" */;
			buildPhases = (
				8597C5561CA4875900695515 /* Sources */,
				8597C5571CA4875900695515 /* Frameworks */,
				8597C5581CA4875900695515 /* CopyFiles */,
			);
			buildRules = (
			);
			dependencies = (
			);
			name = "0324作业";
			productName = "0324作业";
			productReference = 8597C55A1CA4875900695515 /* 0324作业 */;
			productType = "com.apple.product-type.tool";
		};
/* End PBXNativeTarget section */

/* Begin PBXProject section */
		8597C5521CA4875900695515 /* Project object */ = {
			isa = PBXProject;
			attributes = {
				LastUpgradeCheck = 0710;
				ORGANIZATIONNAME = AppleUser;
				TargetAttributes = {
					8597C5591CA4875900695515 = {
						CreatedOnToolsVersion = 7.1.1;
					};
				};
			};
			buildConfigurationList = 8597C5551CA4875900695515 /* Build configuration list for PBXProject "0324作业" */;
			compatibilityVersion = "Xcode 3.2";
			developmentRegion = English;
			hasScannedForEncodings = 0;
			knownRegions = (
				en,
			);
			mainGroup = 8597C5511CA4875900695515;
			productRefGroup = 8597C55B1CA4875900695515 /* Products */;
			projectDirPath = "";
			projectRoot = "";
			targets = (
				8597C5591CA4875900695515 /* 0324作业 */,
			);
		};
/* End PBXProject section */

/* Begin PBXSourcesBuildPhase section */
		8597C5561CA4875900695515 /* Sources */ = {
			isa = PBXSourcesBuildPhase;
			buildActionMask = 2147483647;
			files = (
				8597C5691CA48BAA00695515 /* Violin.m in Sources */,
				8597C56C1CA48BBB00695515 /* Piano.m in Sources */,
				8597C56F1CA48BE800695515 /* Musician.m in Sources */,
				8597C5661CA48B9000695515 /* Instrument.m in Sources */,
				8597C55E1CA4875900695515 /* main.m in Sources */,
				8597C5721CA48C0D00695515 /* Shopping.m in Sources */,
			);
			runOnlyForDeploymentPostprocessing = 0;
		};
/* End PBXSourcesBuildPhase section */

/* Begin XCBuildConfiguration section */
		8597C55F1CA4875900695515 /* Debug */ = {
			isa = XCBuildConfiguration;
			buildSettings = {
				ALWAYS_SEARCH_USER_PATHS = NO;
				CLANG_CXX_LANGUAGE_STANDARD = "gnu++0x";
				CLANG_CXX_LIBRARY = "libc++";
				CLANG_ENABLE_MODULES = YES;
				CLANG_ENABLE_OBJC_ARC = YES;
				CLANG_WARN_BOOL_CONVERSION = YES;
				CLANG_WARN_CONSTANT_CONVERSION = YES;
				CLANG_WARN_DIRECT_OBJC_ISA_USAGE = YES_ERROR;
				CLANG_WARN_EMPTY_BODY = YES;
				CLANG_WARN_ENUM_CONVERSION = YES;
				CLANG_WARN_INT_CONVERSION = YES;
				CLANG_WARN_OBJC_ROOT_CLASS = YES_ERROR;
				CLANG_WARN_UNREACHABLE_CODE = YES;
				CLANG_WARN__DUPLICATE_METHOD_MATCH = YES;
				CODE_SIGN_IDENTITY = "-";
				COPY_PHASE_STRIP = NO;
				DEBUG_INFORMATION_FORMAT = dwarf;
				ENABLE_STRICT_OBJC_MSGSEND = YES;
				ENABLE_TESTABILITY = YES;
				GCC_C_LANGUAGE_STANDARD = gnu99;
				GCC_DYNAMIC_NO_PIC = NO;
				GCC_NO_COMMON_BLOCKS = YES;
				GCC_OPTIMIZATION_LEVEL = 0;
				GCC_PREPROCESSOR_DEFINITIONS = (
					"DEBUG=1",
					"$(inherited)",
				);
				GCC_WARN_64_TO_32_BIT_CONVERSION = YES;
				GCC_WARN_ABOUT_RETURN_TYPE = YES_ERROR;
				GCC_WARN_UNDECLARED_SELECTOR = YES;
				GCC_WARN_UNINITIALIZED_AUTOS = YES_AGGRESSIVE;
				GCC_WARN_UNUSED_FUNCTION = YES;
				GCC_WARN_UNUSED_VARIABLE = YES;
				MACOSX_DEPLOYMENT_TARGET = 10.11;
				MTL_ENABLE_DEBUG_INFO = YES;
				ONLY_ACTIVE_ARCH = YES;
				SDKROOT = macosx;
			};
			name = Debug;
		};
		8597C5601CA4875900695515 /* Release */ = {
			isa = XCBuildConfiguration;
			buildSettings = {
				ALWAYS_SEARCH_USER_PATHS = NO;
				CLANG_CXX_LANGUAGE_STANDARD = "gnu++0x";
				CLANG_CXX_LIBRARY = "libc++";
				CLANG_ENABLE_MODULES = YES;
				CLANG_ENABLE_OBJC_ARC = YES;
				CLANG_WARN_BOOL_CONVERSION = YES;
				CLANG_WARN_CONSTANT_CONVERSION = YES;
				CLANG_WARN_DIRECT_OBJC_ISA_USAGE = YES_ERROR;
				CLANG_WARN_EMPTY_BODY = YES;
				CLANG_WARN_ENUM_CONVERSION = YES;
				CLANG_WARN_INT_CONVERSION = YES;
				CLANG_WARN_OBJC_ROOT_CLASS = YES_ERROR;
				CLANG_WARN_UNREACHABLE_CODE = YES;
				CLANG_WARN__DUPLICATE_METHOD_MATCH = YES;
				CODE_SIGN_IDENTITY = "-";
				COPY_PHASE_STRIP = NO;
				DEBUG_INFORMATION_FORMAT = "dwarf-with-dsym";
				ENABLE_NS_ASSERTIONS = NO;
				ENABLE_STRICT_OBJC_MSGSEND = YES;
				GCC_C_LANGUAGE_STANDARD = gnu99;
				GCC_NO_COMMON_BLOCKS = YES;
				GCC_WARN_64_TO_32_BIT_CONVERSION = YES;
				GCC_WARN_ABOUT_RETURN_TYPE = YES_ERROR;
				GCC_WARN_UNDECLARED_SELECTOR = YES;
				GCC_WARN_UNINITIALIZED_AUTOS = YES_AGGRESSIVE;
				GCC_WARN_UNUSED_FUNCTION = YES;
				GCC_WARN_UNUSED_VARIABLE = YES;
				MACOSX_DEPLOYMENT_TARGET = 10.11;
				MTL_ENABLE_DEBUG_INFO = NO;
				SDKROOT = macosx;
			};
			name = Release;
		};
		8597C5621CA4875900695515 /* Debug */ = {
			isa = XCBuildConfiguration;
			buildSettings = {
				PRODUCT_NAME = "$(TARGET_NAME)";
			};
			name = Debug;
		};
		8597C5631CA4875900695515 /* Release */ = {
			isa = XCBuildConfiguration;
			buildSettings = {
				PRODUCT_NAME = "$(TARGET_NAME)";
			};
			name = Release;
		};
/* End XCBuildConfiguration section */

/* Begin XCConfigurationList section */
		8597C5551CA4875900695515 /* Build configuration list for PBXProject "0324作业" */ = {
			isa = XCConfigurationList;
			buildConfigurations = (
				8597C55F1CA4875900695515 /* Debug */,
				8597C5601CA4875900695515 /* Release */,
			);
			defaultConfigurationIsVisible = 0;
			defaultConfigurationName = Release;
		};
		8597C5611CA4875900695515 /* Build configuration list for PBXNativeTarget "0324作业" */ = {
			isa = XCConfigurationList;
			buildConfigurations = (
				8597C5621CA4875900695515 /* Debug */,
				8597C5631CA4875900695515 /* Release */,
			);
			defaultConfigurationIsVisible = 0;
		};
/* End XCConfigurationList section */
	};
	rootObject = 8597C5521CA4875900695515 /* Project object */;
}
