// !$*UTF8*$!
{
	archiveVersion = 1;
	classes = {
	};
	objectVersion = 46;
	objects = {

/* Begin PBXBuildFile section */
		FEEDC8601CD899240054D2BB /* main.m in Sources */ = {isa = PBXBuildFile; fileRef = FEEDC85F1CD899240054D2BB /* main.m */; };
		FEEDC8631CD899240054D2BB /* AppDelegate.m in Sources */ = {isa = PBXBuildFile; fileRef = FEEDC8621CD899240054D2BB /* AppDelegate.m */; };
		FEEDC8661CD899240054D2BB /* FirstViewController.m in Sources */ = {isa = PBXBuildFile; fileRef = FEEDC8651CD899240054D2BB /* FirstViewController.m */; };
		FEEDC8691CD899240054D2BB /* Main.storyboard in Resources */ = {isa = PBXBuildFile; fileRef = FEEDC8671CD899240054D2BB /* Main.storyboard */; };
		FEEDC86B1CD899240054D2BB /* Assets.xcassets in Resources */ = {isa = PBXBuildFile; fileRef = FEEDC86A1CD899240054D2BB /* Assets.xcassets */; };
		FEEDC86E1CD899240054D2BB /* LaunchScreen.storyboard in Resources */ = {isa = PBXBuildFile; fileRef = FEEDC86C1CD899240054D2BB /* LaunchScreen.storyboard */; };
		FEEDC8791CD899240054D2BB /* _503homeworkTests.m in Sources */ = {isa = PBXBuildFile; fileRef = FEEDC8781CD899240054D2BB /* _503homeworkTests.m */; };
		FEEDC8841CD899240054D2BB /* _503homeworkUITests.m in Sources */ = {isa = PBXBuildFile; fileRef = FEEDC8831CD899240054D2BB /* _503homeworkUITests.m */; };
		FEEDC8931CD89D1C0054D2BB /* SecondViewController.m in Sources */ = {isa = PBXBuildFile; fileRef = FEEDC8921CD89D1C0054D2BB /* SecondViewController.m */; };
		FEEDC89B1CD89D440054D2BB /* hei.png in Resources */ = {isa = PBXBuildFile; fileRef = FEEDC8941CD89D440054D2BB /* hei.png */; };
		FEEDC89C1CD89D440054D2BB /* hei@2x.png in Resources */ = {isa = PBXBuildFile; fileRef = FEEDC8951CD89D440054D2BB /* hei@2x.png */; };
		FEEDC89D1CD89D440054D2BB /* Ji.png in Resources */ = {isa = PBXBuildFile; fileRef = FEEDC8961CD89D440054D2BB /* Ji.png */; };
		FEEDC89E1CD89D440054D2BB /* Ji@2x.png in Resources */ = {isa = PBXBuildFile; fileRef = FEEDC8971CD89D440054D2BB /* Ji@2x.png */; };
		FEEDC89F1CD89D440054D2BB /* Liao.png in Resources */ = {isa = PBXBuildFile; fileRef = FEEDC8981CD89D440054D2BB /* Liao.png */; };
		FEEDC8A01CD89D440054D2BB /* Liao@2x.png in Resources */ = {isa = PBXBuildFile; fileRef = FEEDC8991CD89D440054D2BB /* Liao@2x.png */; };
		FEEDC8A11CD89D440054D2BB /* provinces_cities.plist in Resources */ = {isa = PBXBuildFile; fileRef = FEEDC89A1CD89D440054D2BB /* provinces_cities.plist */; };
		FEEDC8A41CD8E1C50054D2BB /* ThirdViewController.m in Sources */ = {isa = PBXBuildFile; fileRef = FEEDC8A31CD8E1C50054D2BB /* ThirdViewController.m */; };
/* End PBXBuildFile section */

/* Begin PBXContainerItemProxy section */
		FEEDC8751CD899240054D2BB /* PBXContainerItemProxy */ = {
			isa = PBXContainerItemProxy;
			containerPortal = FEEDC8531CD899240054D2BB /* Project object */;
			proxyType = 1;
			remoteGlobalIDString = FEEDC85A1CD899240054D2BB;
			remoteInfo = 0503homework;
		};
		FEEDC8801CD899240054D2BB /* PBXContainerItemProxy */ = {
			isa = PBXContainerItemProxy;
			containerPortal = FEEDC8531CD899240054D2BB /* Project object */;
			proxyType = 1;
			remoteGlobalIDString = FEEDC85A1CD899240054D2BB;
			remoteInfo = 0503homework;
		};
/* End PBXContainerItemProxy section */

/* Begin PBXFileReference section */
		FEEDC85B1CD899240054D2BB /* 0503homework.app */ = {isa = PBXFileReference; explicitFileType = wrapper.application; includeInIndex = 0; path = 0503homework.app; sourceTree = BUILT_PRODUCTS_DIR; };
		FEEDC85F1CD899240054D2BB /* main.m */ = {isa = PBXFileReference; lastKnownFileType = sourcecode.c.objc; path = main.m; sourceTree = "<group>"; };
		FEEDC8611CD899240054D2BB /* AppDelegate.h */ = {isa = PBXFileReference; lastKnownFileType = sourcecode.c.h; path = AppDelegate.h; sourceTree = "<group>"; };
		FEEDC8621CD899240054D2BB /* AppDelegate.m */ = {isa = PBXFileReference; lastKnownFileType = sourcecode.c.objc; path = AppDelegate.m; sourceTree = "<group>"; };
		FEEDC8641CD899240054D2BB /* FirstViewController.h */ = {isa = PBXFileReference; lastKnownFileType = sourcecode.c.h; path = FirstViewController.h; sourceTree = "<group>"; };
		FEEDC8651CD899240054D2BB /* FirstViewController.m */ = {isa = PBXFileReference; lastKnownFileType = sourcecode.c.objc; path = FirstViewController.m; sourceTree = "<group>"; };
		FEEDC8681CD899240054D2BB /* Base */ = {isa = PBXFileReference; lastKnownFileType = file.storyboard; name = Base; path = Base.lproj/Main.storyboard; sourceTree = "<group>"; };
		FEEDC86A1CD899240054D2BB /* Assets.xcassets */ = {isa = PBXFileReference; lastKnownFileType = folder.assetcatalog; path = Assets.xcassets; sourceTree = "<group>"; };
		FEEDC86D1CD899240054D2BB /* Base */ = {isa = PBXFileReference; lastKnownFileType = file.storyboard; name = Base; path = Base.lproj/LaunchScreen.storyboard; sourceTree = "<group>"; };
		FEEDC86F1CD899240054D2BB /* Info.plist */ = {isa = PBXFileReference; lastKnownFileType = text.plist.xml; path = Info.plist; sourceTree = "<group>"; };
		FEEDC8741CD899240054D2BB /* 0503homeworkTests.xctest */ = {isa = PBXFileReference; explicitFileType = wrapper.cfbundle; includeInIndex = 0; path = 0503homeworkTests.xctest; sourceTree = BUILT_PRODUCTS_DIR; };
		FEEDC8781CD899240054D2BB /* _503homeworkTests.m */ = {isa = PBXFileReference; lastKnownFileType = sourcecode.c.objc; path = _503homeworkTests.m; sourceTree = "<group>"; };
		FEEDC87A1CD899240054D2BB /* Info.plist */ = {isa = PBXFileReference; lastKnownFileType = text.plist.xml; path = Info.plist; sourceTree = "<group>"; };
		FEEDC87F1CD899240054D2BB /* 0503homeworkUITests.xctest */ = {isa = PBXFileReference; explicitFileType = wrapper.cfbundle; includeInIndex = 0; path = 0503homeworkUITests.xctest; sourceTree = BUILT_PRODUCTS_DIR; };
		FEEDC8831CD899240054D2BB /* _503homeworkUITests.m */ = {isa = PBXFileReference; lastKnownFileType = sourcecode.c.objc; path = _503homeworkUITests.m; sourceTree = "<group>"; };
		FEEDC8851CD899240054D2BB /* Info.plist */ = {isa = PBXFileReference; lastKnownFileType = text.plist.xml; path = Info.plist; sourceTree = "<group>"; };
		FEEDC8911CD89D1C0054D2BB /* SecondViewController.h */ = {isa = PBXFileReference; fileEncoding = 4; lastKnownFileType = sourcecode.c.h; path = SecondViewController.h; sourceTree = "<group>"; };
		FEEDC8921CD89D1C0054D2BB /* SecondViewController.m */ = {isa = PBXFileReference; fileEncoding = 4; lastKnownFileType = sourcecode.c.objc; path = SecondViewController.m; sourceTree = "<group>"; };
		FEEDC8941CD89D440054D2BB /* hei.png */ = {isa = PBXFileReference; lastKnownFileType = image.png; path = hei.png; sourceTree = "<group>"; };
		FEEDC8951CD89D440054D2BB /* hei@2x.png */ = {isa = PBXFileReference; lastKnownFileType = image.png; path = "hei@2x.png"; sourceTree = "<group>"; };
		FEEDC8961CD89D440054D2BB /* Ji.png */ = {isa = PBXFileReference; lastKnownFileType = image.png; path = Ji.png; sourceTree = "<group>"; };
		FEEDC8971CD89D440054D2BB /* Ji@2x.png */ = {isa = PBXFileReference; lastKnownFileType = image.png; path = "Ji@2x.png"; sourceTree = "<group>"; };
		FEEDC8981CD89D440054D2BB /* Liao.png */ = {isa = PBXFileReference; lastKnownFileType = image.png; path = Liao.png; sourceTree = "<group>"; };
		FEEDC8991CD89D440054D2BB /* Liao@2x.png */ = {isa = PBXFileReference; lastKnownFileType = image.png; path = "Liao@2x.png"; sourceTree = "<group>"; };
		FEEDC89A1CD89D440054D2BB /* provinces_cities.plist */ = {isa = PBXFileReference; fileEncoding = 4; lastKnownFileType = text.plist.xml; path = provinces_cities.plist; sourceTree = "<group>"; };
		FEEDC8A21CD8E1C50054D2BB /* ThirdViewController.h */ = {isa = PBXFileReference; fileEncoding = 4; lastKnownFileType = sourcecode.c.h; path = ThirdViewController.h; sourceTree = "<group>"; };
		FEEDC8A31CD8E1C50054D2BB /* ThirdViewController.m */ = {isa = PBXFileReference; fileEncoding = 4; lastKnownFileType = sourcecode.c.objc; path = ThirdViewController.m; sourceTree = "<group>"; };
/* End PBXFileReference section */

/* Begin PBXFrameworksBuildPhase section */
		FEEDC8581CD899240054D2BB /* Frameworks */ = {
			isa = PBXFrameworksBuildPhase;
			buildActionMask = 2147483647;
			files = (
			);
			runOnlyForDeploymentPostprocessing = 0;
		};
		FEEDC8711CD899240054D2BB /* Frameworks */ = {
			isa = PBXFrameworksBuildPhase;
			buildActionMask = 2147483647;
			files = (
			);
			runOnlyForDeploymentPostprocessing = 0;
		};
		FEEDC87C1CD899240054D2BB /* Frameworks */ = {
			isa = PBXFrameworksBuildPhase;
			buildActionMask = 2147483647;
			files = (
			);
			runOnlyForDeploymentPostprocessing = 0;
		};
/* End PBXFrameworksBuildPhase section */

/* Begin PBXGroup section */
		FEEDC8521CD899240054D2BB = {
			isa = PBXGroup;
			children = (
				FEEDC85D1CD899240054D2BB /* 0503homework */,
				FEEDC8771CD899240054D2BB /* 0503homeworkTests */,
				FEEDC8821CD899240054D2BB /* 0503homeworkUITests */,
				FEEDC85C1CD899240054D2BB /* Products */,
			);
			sourceTree = "<group>";
		};
		FEEDC85C1CD899240054D2BB /* Products */ = {
			isa = PBXGroup;
			children = (
				FEEDC85B1CD899240054D2BB /* 0503homework.app */,
				FEEDC8741CD899240054D2BB /* 0503homeworkTests.xctest */,
				FEEDC87F1CD899240054D2BB /* 0503homeworkUITests.xctest */,
			);
			name = Products;
			sourceTree = "<group>";
		};
		FEEDC85D1CD899240054D2BB /* 0503homework */ = {
			isa = PBXGroup;
			children = (
				FEEDC8611CD899240054D2BB /* AppDelegate.h */,
				FEEDC8621CD899240054D2BB /* AppDelegate.m */,
				FEEDC8641CD899240054D2BB /* FirstViewController.h */,
				FEEDC8651CD899240054D2BB /* FirstViewController.m */,
				FEEDC8911CD89D1C0054D2BB /* SecondViewController.h */,
				FEEDC8921CD89D1C0054D2BB /* SecondViewController.m */,
				FEEDC8A21CD8E1C50054D2BB /* ThirdViewController.h */,
				FEEDC8A31CD8E1C50054D2BB /* ThirdViewController.m */,
				FEEDC8671CD899240054D2BB /* Main.storyboard */,
				FEEDC86A1CD899240054D2BB /* Assets.xcassets */,
				FEEDC86C1CD899240054D2BB /* LaunchScreen.storyboard */,
				FEEDC86F1CD899240054D2BB /* Info.plist */,
				FEEDC8941CD89D440054D2BB /* hei.png */,
				FEEDC8951CD89D440054D2BB /* hei@2x.png */,
				FEEDC8961CD89D440054D2BB /* Ji.png */,
				FEEDC8971CD89D440054D2BB /* Ji@2x.png */,
				FEEDC8981CD89D440054D2BB /* Liao.png */,
				FEEDC8991CD89D440054D2BB /* Liao@2x.png */,
				FEEDC89A1CD89D440054D2BB /* provinces_cities.plist */,
				FEEDC85E1CD899240054D2BB /* Supporting Files */,
			);
			path = 0503homework;
			sourceTree = "<group>";
		};
		FEEDC85E1CD899240054D2BB /* Supporting Files */ = {
			isa = PBXGroup;
			children = (
				FEEDC85F1CD899240054D2BB /* main.m */,
			);
			name = "Supporting Files";
			sourceTree = "<group>";
		};
		FEEDC8771CD899240054D2BB /* 0503homeworkTests */ = {
			isa = PBXGroup;
			children = (
				FEEDC8781CD899240054D2BB /* _503homeworkTests.m */,
				FEEDC87A1CD899240054D2BB /* Info.plist */,
			);
			path = 0503homeworkTests;
			sourceTree = "<group>";
		};
		FEEDC8821CD899240054D2BB /* 0503homeworkUITests */ = {
			isa = PBXGroup;
			children = (
				FEEDC8831CD899240054D2BB /* _503homeworkUITests.m */,
				FEEDC8851CD899240054D2BB /* Info.plist */,
			);
			path = 0503homeworkUITests;
			sourceTree = "<group>";
		};
/* End PBXGroup section */

/* Begin PBXNativeTarget section */
		FEEDC85A1CD899240054D2BB /* 0503homework */ = {
			isa = PBXNativeTarget;
			buildConfigurationList = FEEDC8881CD899240054D2BB /* Build configuration list for PBXNativeTarget "0503homework" */;
			buildPhases = (
				FEEDC8571CD899240054D2BB /* Sources */,
				FEEDC8581CD899240054D2BB /* Frameworks */,
				FEEDC8591CD899240054D2BB /* Resources */,
			);
			buildRules = (
			);
			dependencies = (
			);
			name = 0503homework;
			productName = 0503homework;
			productReference = FEEDC85B1CD899240054D2BB /* 0503homework.app */;
			productType = "com.apple.product-type.application";
		};
		FEEDC8731CD899240054D2BB /* 0503homeworkTests */ = {
			isa = PBXNativeTarget;
			buildConfigurationList = FEEDC88B1CD899240054D2BB /* Build configuration list for PBXNativeTarget "0503homeworkTests" */;
			buildPhases = (
				FEEDC8701CD899240054D2BB /* Sources */,
				FEEDC8711CD899240054D2BB /* Frameworks */,
				FEEDC8721CD899240054D2BB /* Resources */,
			);
			buildRules = (
			);
			dependencies = (
				FEEDC8761CD899240054D2BB /* PBXTargetDependency */,
			);
			name = 0503homeworkTests;
			productName = 0503homeworkTests;
			productReference = FEEDC8741CD899240054D2BB /* 0503homeworkTests.xctest */;
			productType = "com.apple.product-type.bundle.unit-test";
		};
		FEEDC87E1CD899240054D2BB /* 0503homeworkUITests */ = {
			isa = PBXNativeTarget;
			buildConfigurationList = FEEDC88E1CD899240054D2BB /* Build configuration list for PBXNativeTarget "0503homeworkUITests" */;
			buildPhases = (
				FEEDC87B1CD899240054D2BB /* Sources */,
				FEEDC87C1CD899240054D2BB /* Frameworks */,
				FEEDC87D1CD899240054D2BB /* Resources */,
			);
			buildRules = (
			);
			dependencies = (
				FEEDC8811CD899240054D2BB /* PBXTargetDependency */,
			);
			name = 0503homeworkUITests;
			productName = 0503homeworkUITests;
			productReference = FEEDC87F1CD899240054D2BB /* 0503homeworkUITests.xctest */;
			productType = "com.apple.product-type.bundle.ui-testing";
		};
/* End PBXNativeTarget section */

/* Begin PBXProject section */
		FEEDC8531CD899240054D2BB /* Project object */ = {
			isa = PBXProject;
			attributes = {
				LastUpgradeCheck = 0730;
				ORGANIZATIONNAME = "李康";
				TargetAttributes = {
					FEEDC85A1CD899240054D2BB = {
						CreatedOnToolsVersion = 7.3;
					};
					FEEDC8731CD899240054D2BB = {
						CreatedOnToolsVersion = 7.3;
						TestTargetID = FEEDC85A1CD899240054D2BB;
					};
					FEEDC87E1CD899240054D2BB = {
						CreatedOnToolsVersion = 7.3;
						TestTargetID = FEEDC85A1CD899240054D2BB;
					};
				};
			};
			buildConfigurationList = FEEDC8561CD899240054D2BB /* Build configuration list for PBXProject "0503homework" */;
			compatibilityVersion = "Xcode 3.2";
			developmentRegion = English;
			hasScannedForEncodings = 0;
			knownRegions = (
				en,
				Base,
			);
			mainGroup = FEEDC8521CD899240054D2BB;
			productRefGroup = FEEDC85C1CD899240054D2BB /* Products */;
			projectDirPath = "";
			projectRoot = "";
			targets = (
				FEEDC85A1CD899240054D2BB /* 0503homework */,
				FEEDC8731CD899240054D2BB /* 0503homeworkTests */,
				FEEDC87E1CD899240054D2BB /* 0503homeworkUITests */,
			);
		};
/* End PBXProject section */

/* Begin PBXResourcesBuildPhase section */
		FEEDC8591CD899240054D2BB /* Resources */ = {
			isa = PBXResourcesBuildPhase;
			buildActionMask = 2147483647;
			files = (
				FEEDC89F1CD89D440054D2BB /* Liao.png in Resources */,
				FEEDC89E1CD89D440054D2BB /* Ji@2x.png in Resources */,
				FEEDC89D1CD89D440054D2BB /* Ji.png in Resources */,
				FEEDC89B1CD89D440054D2BB /* hei.png in Resources */,
				FEEDC86E1CD899240054D2BB /* LaunchScreen.storyboard in Resources */,
				FEEDC8A01CD89D440054D2BB /* Liao@2x.png in Resources */,
				FEEDC89C1CD89D440054D2BB /* hei@2x.png in Resources */,
				FEEDC86B1CD899240054D2BB /* Assets.xcassets in Resources */,
				FEEDC8691CD899240054D2BB /* Main.storyboard in Resources */,
				FEEDC8A11CD89D440054D2BB /* provinces_cities.plist in Resources */,
			);
			runOnlyForDeploymentPostprocessing = 0;
		};
		FEEDC8721CD899240054D2BB /* Resources */ = {
			isa = PBXResourcesBuildPhase;
			buildActionMask = 2147483647;
			files = (
			);
			runOnlyForDeploymentPostprocessing = 0;
		};
		FEEDC87D1CD899240054D2BB /* Resources */ = {
			isa = PBXResourcesBuildPhase;
			buildActionMask = 2147483647;
			files = (
			);
			runOnlyForDeploymentPostprocessing = 0;
		};
/* End PBXResourcesBuildPhase section */

/* Begin PBXSourcesBuildPhase section */
		FEEDC8571CD899240054D2BB /* Sources */ = {
			isa = PBXSourcesBuildPhase;
			buildActionMask = 2147483647;
			files = (
				FEEDC8931CD89D1C0054D2BB /* SecondViewController.m in Sources */,
				FEEDC8A41CD8E1C50054D2BB /* ThirdViewController.m in Sources */,
				FEEDC8661CD899240054D2BB /* FirstViewController.m in Sources */,
				FEEDC8631CD899240054D2BB /* AppDelegate.m in Sources */,
				FEEDC8601CD899240054D2BB /* main.m in Sources */,
			);
			runOnlyForDeploymentPostprocessing = 0;
		};
		FEEDC8701CD899240054D2BB /* Sources */ = {
			isa = PBXSourcesBuildPhase;
			buildActionMask = 2147483647;
			files = (
				FEEDC8791CD899240054D2BB /* _503homeworkTests.m in Sources */,
			);
			runOnlyForDeploymentPostprocessing = 0;
		};
		FEEDC87B1CD899240054D2BB /* Sources */ = {
			isa = PBXSourcesBuildPhase;
			buildActionMask = 2147483647;
			files = (
				FEEDC8841CD899240054D2BB /* _503homeworkUITests.m in Sources */,
			);
			runOnlyForDeploymentPostprocessing = 0;
		};
/* End PBXSourcesBuildPhase section */

/* Begin PBXTargetDependency section */
		FEEDC8761CD899240054D2BB /* PBXTargetDependency */ = {
			isa = PBXTargetDependency;
			target = FEEDC85A1CD899240054D2BB /* 0503homework */;
			targetProxy = FEEDC8751CD899240054D2BB /* PBXContainerItemProxy */;
		};
		FEEDC8811CD899240054D2BB /* PBXTargetDependency */ = {
			isa = PBXTargetDependency;
			target = FEEDC85A1CD899240054D2BB /* 0503homework */;
			targetProxy = FEEDC8801CD899240054D2BB /* PBXContainerItemProxy */;
		};
/* End PBXTargetDependency section */

/* Begin PBXVariantGroup section */
		FEEDC8671CD899240054D2BB /* Main.storyboard */ = {
			isa = PBXVariantGroup;
			children = (
				FEEDC8681CD899240054D2BB /* Base */,
			);
			name = Main.storyboard;
			sourceTree = "<group>";
		};
		FEEDC86C1CD899240054D2BB /* LaunchScreen.storyboard */ = {
			isa = PBXVariantGroup;
			children = (
				FEEDC86D1CD899240054D2BB /* Base */,
			);
			name = LaunchScreen.storyboard;
			sourceTree = "<group>";
		};
/* End PBXVariantGroup section */

/* Begin XCBuildConfiguration section */
		FEEDC8861CD899240054D2BB /* Debug */ = {
			isa = XCBuildConfiguration;
			buildSettings = {
				ALWAYS_SEARCH_USER_PATHS = NO;
				CLANG_ANALYZER_NONNULL = YES;
				CLANG_CXX_LANGUAGE_STANDARD = "gnu++0x";
				CLANG_CXX_LIBRARY = "libc++";
				CLANG_ENABLE_MODULES = YES;
				CLANG_ENABLE_OBJC_ARC = YES;
				CLANG_WARN_BOOL_CONVERSION = YES;
				CLANG_WARN_CONSTANT_CONVERSION = YES;
				CLANG_WARN_DIRECT_OBJC_ISA_USAGE = YES_ERROR;
				CLANG_WARN_EMPTY_BODY = YES;
				CLANG_WARN_ENUM_CONVERSION = YES;
				CLANG_WARN_INT_CONVERSION = YES;
				CLANG_WARN_OBJC_ROOT_CLASS = YES_ERROR;
				CLANG_WARN_UNREACHABLE_CODE = YES;
				CLANG_WARN__DUPLICATE_METHOD_MATCH = YES;
				"CODE_SIGN_IDENTITY[sdk=iphoneos*]" = "iPhone Developer";
				COPY_PHASE_STRIP = NO;
				DEBUG_INFORMATION_FORMAT = dwarf;
				ENABLE_STRICT_OBJC_MSGSEND = YES;
				ENABLE_TESTABILITY = YES;
				GCC_C_LANGUAGE_STANDARD = gnu99;
				GCC_DYNAMIC_NO_PIC = NO;
				GCC_NO_COMMON_BLOCKS = YES;
				GCC_OPTIMIZATION_LEVEL = 0;
				GCC_PREPROCESSOR_DEFINITIONS = (
					"DEBUG=1",
					"$(inherited)",
				);
				GCC_WARN_64_TO_32_BIT_CONVERSION = YES;
				GCC_WARN_ABOUT_RETURN_TYPE = YES_ERROR;
				GCC_WARN_UNDECLARED_SELECTOR = YES;
				GCC_WARN_UNINITIALIZED_AUTOS = YES_AGGRESSIVE;
				GCC_WARN_UNUSED_FUNCTION = YES;
				GCC_WARN_UNUSED_VARIABLE = YES;
				IPHONEOS_DEPLOYMENT_TARGET = 9.3;
				MTL_ENABLE_DEBUG_INFO = YES;
				ONLY_ACTIVE_ARCH = YES;
				SDKROOT = iphoneos;
			};
			name = Debug;
		};
		FEEDC8871CD899240054D2BB /* Release */ = {
			isa = XCBuildConfiguration;
			buildSettings = {
				ALWAYS_SEARCH_USER_PATHS = NO;
				CLANG_ANALYZER_NONNULL = YES;
				CLANG_CXX_LANGUAGE_STANDARD = "gnu++0x";
				CLANG_CXX_LIBRARY = "libc++";
				CLANG_ENABLE_MODULES = YES;
				CLANG_ENABLE_OBJC_ARC = YES;
				CLANG_WARN_BOOL_CONVERSION = YES;
				CLANG_WARN_CONSTANT_CONVERSION = YES;
				CLANG_WARN_DIRECT_OBJC_ISA_USAGE = YES_ERROR;
				CLANG_WARN_EMPTY_BODY = YES;
				CLANG_WARN_ENUM_CONVERSION = YES;
				CLANG_WARN_INT_CONVERSION = YES;
				CLANG_WARN_OBJC_ROOT_CLASS = YES_ERROR;
				CLANG_WARN_UNREACHABLE_CODE = YES;
				CLANG_WARN__DUPLICATE_METHOD_MATCH = YES;
				"CODE_SIGN_IDENTITY[sdk=iphoneos*]" = "iPhone Developer";
				COPY_PHASE_STRIP = NO;
				DEBUG_INFORMATION_FORMAT = "dwarf-with-dsym";
				ENABLE_NS_ASSERTIONS = NO;
				ENABLE_STRICT_OBJC_MSGSEND = YES;
				GCC_C_LANGUAGE_STANDARD = gnu99;
				GCC_NO_COMMON_BLOCKS = YES;
				GCC_WARN_64_TO_32_BIT_CONVERSION = YES;
				GCC_WARN_ABOUT_RETURN_TYPE = YES_ERROR;
				GCC_WARN_UNDECLARED_SELECTOR = YES;
				GCC_WARN_UNINITIALIZED_AUTOS = YES_AGGRESSIVE;
				GCC_WARN_UNUSED_FUNCTION = YES;
				GCC_WARN_UNUSED_VARIABLE = YES;
				IPHONEOS_DEPLOYMENT_TARGET = 9.3;
				MTL_ENABLE_DEBUG_INFO = NO;
				SDKROOT = iphoneos;
				VALIDATE_PRODUCT = YES;
			};
			name = Release;
		};
		FEEDC8891CD899240054D2BB /* Debug */ = {
			isa = XCBuildConfiguration;
			buildSettings = {
				ASSETCATALOG_COMPILER_APPICON_NAME = AppIcon;
				INFOPLIST_FILE = 0503homework/Info.plist;
				LD_RUNPATH_SEARCH_PATHS = "$(inherited) @executable_path/Frameworks";
				PRODUCT_BUNDLE_IDENTIFIER = "c.-503homework";
				PRODUCT_NAME = "$(TARGET_NAME)";
			};
			name = Debug;
		};
		FEEDC88A1CD899240054D2BB /* Release */ = {
			isa = XCBuildConfiguration;
			buildSettings = {
				ASSETCATALOG_COMPILER_APPICON_NAME = AppIcon;
				INFOPLIST_FILE = 0503homework/Info.plist;
				LD_RUNPATH_SEARCH_PATHS = "$(inherited) @executable_path/Frameworks";
				PRODUCT_BUNDLE_IDENTIFIER = "c.-503homework";
				PRODUCT_NAME = "$(TARGET_NAME)";
			};
			name = Release;
		};
		FEEDC88C1CD899240054D2BB /* Debug */ = {
			isa = XCBuildConfiguration;
			buildSettings = {
				BUNDLE_LOADER = "$(TEST_HOST)";
				INFOPLIST_FILE = 0503homeworkTests/Info.plist;
				LD_RUNPATH_SEARCH_PATHS = "$(inherited) @executable_path/Frameworks @loader_path/Frameworks";
				PRODUCT_BUNDLE_IDENTIFIER = "c.-503homeworkTests";
				PRODUCT_NAME = "$(TARGET_NAME)";
				TEST_HOST = "$(BUILT_PRODUCTS_DIR)/0503homework.app/0503homework";
			};
			name = Debug;
		};
		FEEDC88D1CD899240054D2BB /* Release */ = {
			isa = XCBuildConfiguration;
			buildSettings = {
				BUNDLE_LOADER = "$(TEST_HOST)";
				INFOPLIST_FILE = 0503homeworkTests/Info.plist;
				LD_RUNPATH_SEARCH_PATHS = "$(inherited) @executable_path/Frameworks @loader_path/Frameworks";
				PRODUCT_BUNDLE_IDENTIFIER = "c.-503homeworkTests";
				PRODUCT_NAME = "$(TARGET_NAME)";
				TEST_HOST = "$(BUILT_PRODUCTS_DIR)/0503homework.app/0503homework";
			};
			name = Release;
		};
		FEEDC88F1CD899240054D2BB /* Debug */ = {
			isa = XCBuildConfiguration;
			buildSettings = {
				INFOPLIST_FILE = 0503homeworkUITests/Info.plist;
				LD_RUNPATH_SEARCH_PATHS = "$(inherited) @executable_path/Frameworks @loader_path/Frameworks";
				PRODUCT_BUNDLE_IDENTIFIER = "c.-503homeworkUITests";
				PRODUCT_NAME = "$(TARGET_NAME)";
				TEST_TARGET_NAME = 0503homework;
			};
			name = Debug;
		};
		FEEDC8901CD899240054D2BB /* Release */ = {
			isa = XCBuildConfiguration;
			buildSettings = {
				INFOPLIST_FILE = 0503homeworkUITests/Info.plist;
				LD_RUNPATH_SEARCH_PATHS = "$(inherited) @executable_path/Frameworks @loader_path/Frameworks";
				PRODUCT_BUNDLE_IDENTIFIER = "c.-503homeworkUITests";
				PRODUCT_NAME = "$(TARGET_NAME)";
				TEST_TARGET_NAME = 0503homework;
			};
			name = Release;
		};
/* End XCBuildConfiguration section */

/* Begin XCConfigurationList section */
		FEEDC8561CD899240054D2BB /* Build configuration list for PBXProject "0503homework" */ = {
			isa = XCConfigurationList;
			buildConfigurations = (
				FEEDC8861CD899240054D2BB /* Debug */,
				FEEDC8871CD899240054D2BB /* Release */,
			);
			defaultConfigurationIsVisible = 0;
			defaultConfigurationName = Release;
		};
		FEEDC8881CD899240054D2BB /* Build configuration list for PBXNativeTarget "0503homework" */ = {
			isa = XCConfigurationList;
			buildConfigurations = (
				FEEDC8891CD899240054D2BB /* Debug */,
				FEEDC88A1CD899240054D2BB /* Release */,
			);
			defaultConfigurationIsVisible = 0;
		};
		FEEDC88B1CD899240054D2BB /* Build configuration list for PBXNativeTarget "0503homeworkTests" */ = {
			isa = XCConfigurationList;
			buildConfigurations = (
				FEEDC88C1CD899240054D2BB /* Debug */,
				FEEDC88D1CD899240054D2BB /* Release */,
			);
			defaultConfigurationIsVisible = 0;
		};
		FEEDC88E1CD899240054D2BB /* Build configuration list for PBXNativeTarget "0503homeworkUITests" */ = {
			isa = XCConfigurationList;
			buildConfigurations = (
				FEEDC88F1CD899240054D2BB /* Debug */,
				FEEDC8901CD899240054D2BB /* Release */,
			);
			defaultConfigurationIsVisible = 0;
		};
/* End XCConfigurationList section */
	};
	rootObject = FEEDC8531CD899240054D2BB /* Project object */;
}
